
Microsoft Visual Studio Solution File, Format Version 12.00
# Visual Studio 15
Project("{FAE04EC0-301F-11D3-BF4B-00C04F79EFBC}") = "Assembly-CSharp-Editor", "Assembly-CSharp-Editor.csproj", "{311D962C-3816-CFB1-5CD0-F2988189596B}"
EndProject
Project("{FAE04EC0-301F-11D3-BF4B-00C04F79EFBC}") = "Assembly-CSharp", "Assembly-CSharp.csproj", "{A82B4588-6C7B-A390-C8D3-1354A6270E33}"
EndProject
Global
	GlobalSection(SolutionConfigurationPlatforms) = preSolution
		Debug|Any CPU = Debug|Any CPU
		Release|Any CPU = Release|Any CPU
	EndGlobalSection
	GlobalSection(ProjectConfigurationPlatforms) = postSolution
		{311D962C-3816-CFB1-5CD0-F2988189596B}.Debug|Any CPU.ActiveCfg = Debug|Any CPU
		{311D962C-3816-CFB1-5CD0-F2988189596B}.Debug|Any CPU.Build.0 = Debug|Any CPU
		{311D962C-3816-CFB1-5CD0-F2988189596B}.Release|Any CPU.ActiveCfg = Release|Any CPU
		{311D962C-3816-CFB1-5CD0-F2988189596B}.Release|Any CPU.Build.0 = Release|Any CPU
		{A82B4588-6C7B-A390-C8D3-1354A6270E33}.Debug|Any CPU.ActiveCfg = Debug|Any CPU
		{A82B4588-6C7B-A390-C8D3-1354A6270E33}.Debug|Any CPU.Build.0 = Debug|Any CPU
		{A82B4588-6C7B-A390-C8D3-1354A6270E33}.Release|Any CPU.ActiveCfg = Release|Any CPU
		{A82B4588-6C7B-A390-C8D3-1354A6270E33}.Release|Any CPU.Build.0 = Release|Any CPU
	EndGlobalSection
	GlobalSection(SolutionProperties) = preSolution
		HideSolutionNode = FALSE
	EndGlobalSection
EndGlobal
